
Microsoft Visual Studio Solution File, Format Version 12.00
# Visual Studio 15
VisualStudioVersion = 15.0.28307.1022
MinimumVisualStudioVersion = 10.0.40219.1
Project("{FAE04EC0-301F-11D3-BF4B-00C04F79EFBC}") = "ForDongusu", "ForDongusu\ForDongusu.csproj", "{BE9A5EFE-E612-4168-9759-A9BFF20EC7C1}"
EndProject
Project("{FAE04EC0-301F-11D3-BF4B-00C04F79EFBC}") = "WhileDongusu", "WhileDongusu\WhileDongusu.csproj", "{A6EED3EE-4BC2-4244-AF5E-52E38F1EBD68}"
EndProject
Project("{FAE04EC0-301F-11D3-BF4B-00C04F79EFBC}") = "DoWhileDongusu", "DoWhileDongusu\DoWhileDongusu.csproj", "{A08B5ED2-11D4-40DE-B2DA-E2E9689B2395}"
EndProject
Global
	GlobalSection(SolutionConfigurationPlatforms) = preSolution
		Debug|Any CPU = Debug|Any CPU
		Release|Any CPU = Release|Any CPU
	EndGlobalSection
	GlobalSection(ProjectConfigurationPlatforms) = postSolution
		{BE9A5EFE-E612-4168-9759-A9BFF20EC7C1}.Debug|Any CPU.ActiveCfg = Debug|Any CPU
		{BE9A5EFE-E612-4168-9759-A9BFF20EC7C1}.Debug|Any CPU.Build.0 = Debug|Any CPU
		{BE9A5EFE-E612-4168-9759-A9BFF20EC7C1}.Release|Any CPU.ActiveCfg = Release|Any CPU
		{BE9A5EFE-E612-4168-9759-A9BFF20EC7C1}.Release|Any CPU.Build.0 = Release|Any CPU
		{A6EED3EE-4BC2-4244-AF5E-52E38F1EBD68}.Debug|Any CPU.ActiveCfg = Debug|Any CPU
		{A6EED3EE-4BC2-4244-AF5E-52E38F1EBD68}.Debug|Any CPU.Build.0 = Debug|Any CPU
		{A6EED3EE-4BC2-4244-AF5E-52E38F1EBD68}.Release|Any CPU.ActiveCfg = Release|Any CPU
		{A6EED3EE-4BC2-4244-AF5E-52E38F1EBD68}.Release|Any CPU.Build.0 = Release|Any CPU
		{A08B5ED2-11D4-40DE-B2DA-E2E9689B2395}.Debug|Any CPU.ActiveCfg = Debug|Any CPU
		{A08B5ED2-11D4-40DE-B2DA-E2E9689B2395}.Debug|Any CPU.Build.0 = Debug|Any CPU
		{A08B5ED2-11D4-40DE-B2DA-E2E9689B2395}.Release|Any CPU.ActiveCfg = Release|Any CPU
		{A08B5ED2-11D4-40DE-B2DA-E2E9689B2395}.Release|Any CPU.Build.0 = Release|Any CPU
	EndGlobalSection
	GlobalSection(SolutionProperties) = preSolution
		HideSolutionNode = FALSE
	EndGlobalSection
	GlobalSection(ExtensibilityGlobals) = postSolution
		SolutionGuid = {3640212C-4649-4454-932A-2609271DDD67}
	EndGlobalSection
EndGlobal
