
Microsoft Visual Studio Solution File, Format Version 12.00
# Visual Studio 15
VisualStudioVersion = 15.0.28307.1022
MinimumVisualStudioVersion = 10.0.40219.1
Project("{FAE04EC0-301F-11D3-BF4B-00C04F79EFBC}") = "IfELse_ElseIF", "IfELse_ElseIF\IfELse_ElseIF.csproj", "{F681D702-F3D1-4EDD-8EDA-78BE232D8F77}"
EndProject
Project("{FAE04EC0-301F-11D3-BF4B-00C04F79EFBC}") = "TernaryIf", "TernaryIf\TernaryIf.csproj", "{C8DEAF4D-C8F6-415D-88B0-A0C28FE2241E}"
EndProject
Global
	GlobalSection(SolutionConfigurationPlatforms) = preSolution
		Debug|Any CPU = Debug|Any CPU
		Release|Any CPU = Release|Any CPU
	EndGlobalSection
	GlobalSection(ProjectConfigurationPlatforms) = postSolution
		{F681D702-F3D1-4EDD-8EDA-78BE232D8F77}.Debug|Any CPU.ActiveCfg = Debug|Any CPU
		{F681D702-F3D1-4EDD-8EDA-78BE232D8F77}.Debug|Any CPU.Build.0 = Debug|Any CPU
		{F681D702-F3D1-4EDD-8EDA-78BE232D8F77}.Release|Any CPU.ActiveCfg = Release|Any CPU
		{F681D702-F3D1-4EDD-8EDA-78BE232D8F77}.Release|Any CPU.Build.0 = Release|Any CPU
		{C8DEAF4D-C8F6-415D-88B0-A0C28FE2241E}.Debug|Any CPU.ActiveCfg = Debug|Any CPU
		{C8DEAF4D-C8F6-415D-88B0-A0C28FE2241E}.Debug|Any CPU.Build.0 = Debug|Any CPU
		{C8DEAF4D-C8F6-415D-88B0-A0C28FE2241E}.Release|Any CPU.ActiveCfg = Release|Any CPU
		{C8DEAF4D-C8F6-415D-88B0-A0C28FE2241E}.Release|Any CPU.Build.0 = Release|Any CPU
	EndGlobalSection
	GlobalSection(SolutionProperties) = preSolution
		HideSolutionNode = FALSE
	EndGlobalSection
	GlobalSection(ExtensibilityGlobals) = postSolution
		SolutionGuid = {E6691D10-158C-4A0E-A968-A7EC0EA24C91}
	EndGlobalSection
EndGlobal
